hash: c460d8b8b49f8132992649d23a0241a81598f4b664f5825e0421510819f5f572
updated: 2017-07-13T16:17:33.570534993-07:00
imports:
- name: cloud.google.com/go
  version: fe3d41e1ecb2ce36ad3a979037c9b9a2b726226f
  subpackages:
  - compute/metadata
  - internal
- name: github.com/appscode/envconfig
  version: a74ef73ab982beb8f0c6060ac44da1c960fea414
- name: github.com/appscode/errors
  version: 748883e321a9f99fe901bd2663c7af3fcae43ea4
- name: github.com/appscode/go
  version: 9fde097ebcef0add8325c8fbee63ae01e7da530e
  subpackages:
  - encoding/json/types
  - encoding/yaml
  - env
  - flags
  - net/httpclient
  - runtime
  - strings
  - version
- name: github.com/appscode/go-notify
  version: 906bd4ab3891b6e3bb8730e6f03b12ff342a9fa6
  subpackages:
  - hipchat
  - log
  - mailgun
  - plivo
  - slack
  - smtp
  - twilio
  - unified
  - webhook
- name: github.com/appscode/go-term
  version: 620ebcf71e8e9dd59363149cd05ce8d3d57231e6
- name: github.com/appscode/log
  version: 68e0e42e42c01371f3950571fc87c2298a51dd8f
  subpackages:
  - golog
- name: github.com/appscode/osm
  version: c5e36f4aa99900641c2b592fc41d80556fa7f195
  subpackages:
  - pkg/context
- name: github.com/appscode/pat
  version: 48ff78925b7955367d8a048fc2b5cec8efadf8d3
- name: github.com/appscode/searchlight
  version: f03cb8f74717d0726485366ddde7c3bf74539337
  subpackages:
  - api
  - api/install
  - client/clientset
  - data
  - data/files
- name: github.com/appscode/stash
  version: 9ae078bb1406e2cb2d69c6dff793f7088567366c
  subpackages:
  - api
  - api/install
  - client/clientset
- name: github.com/appscode/voyager
  version: 5c63b43f621ad3e08bb014a28b3d8aea98434089
  subpackages:
  - api
  - api/install
  - client/clientset
- name: github.com/aws/aws-sdk-go
  version: 63ce630574a5ec05ecd8e8de5cea16332a5a684d
  subpackages:
  - aws
  - aws/awserr
  - aws/awsutil
  - aws/client
  - aws/client/metadata
  - aws/corehandlers
  - aws/credentials
  - aws/credentials/ec2rolecreds
  - aws/credentials/endpointcreds
  - aws/credentials/stscreds
  - aws/defaults
  - aws/ec2metadata
  - aws/endpoints
  - aws/request
  - aws/session
  - aws/signer/v4
  - private/protocol
  - private/protocol/query
  - private/protocol/query/queryutil
  - private/protocol/rest
  - private/protocol/restxml
  - private/protocol/xml/xmlutil
  - private/waiter
  - service/s3
  - service/sts
- name: github.com/Azure/azure-sdk-for-go
  version: 0984e0641ae43b89283223034574d6465be93bf4
  vcs: git
  subpackages:
  - storage
- name: github.com/Azure/go-ansiterm
  version: 70b2c90b260171e829f1ebd7c17f600c11858dbe
- name: github.com/Azure/go-autorest
  version: d7c034a8af24eda120dd6460bfcd6d9ed14e43ca
- name: github.com/blevesearch/bleve
  version: 97393d027342f43b17da2f02c090a4e728ac929f
  subpackages:
  - analysis
  - analysis/analyzers/standard_analyzer
  - analysis/datetime_parsers/datetime_optional
  - analysis/datetime_parsers/flexible_go
  - analysis/language/en
  - analysis/token_filters/lower_case_filter
  - analysis/token_filters/porter
  - analysis/token_filters/stop_tokens_filter
  - analysis/tokenizers/unicode
  - document
  - index
  - index/store
  - index/store/boltdb
  - index/store/gtreap
  - index/upside_down
  - numeric_util
  - registry
  - search
  - search/collectors
  - search/facets
  - search/highlight
  - search/highlight/fragment_formatters/html
  - search/highlight/fragmenters/simple
  - search/highlight/highlighters/html
  - search/highlight/highlighters/simple
  - search/scorers
  - search/searchers
- name: github.com/blevesearch/go-porterstemmer
  version: 23a2c8e5cf1f380f27722c6d2ae8896431dc7d0e
  repo: https://github.com/blevesearch/go-porterstemmer
- name: github.com/blevesearch/segment
  version: db70c57796cc8c310613541dfade3dce627d09c7
  repo: https://github.com/blevesearch/segment
- name: github.com/boltdb/bolt
  version: 144418e1475d8bf7abbdc48583500f1a20c62ea7
  repo: https://github.com/boltdb/bolt
- name: github.com/cenkalti/backoff
  version: 32cd0c5b3aef12c76ed64aaf678f6c79736be7dc
- name: github.com/codegangsta/inject
  version: 33e0aa1cb7c019ccc3fbe049a8262a6403d30504
- name: github.com/codeskyblue/go-sh
  version: b097669b1569203c3ce05a6b8717d43140fdb3d5
- name: github.com/coreos/go-oidc
  version: be73733bb8cc830d0205609b95d125215f8e9c70
  subpackages:
  - http
  - jose
  - key
  - oauth2
  - oidc
- name: github.com/coreos/pkg
  version: fa29b1d70f0beaddd4c7021607cc3c3be8ce94b8
  subpackages:
  - health
  - httputil
  - timeutil
- name: github.com/coreos/prometheus-operator
  version: 397e8809782909bb41862ff1f79fef4d61f45608
  subpackages:
  - pkg/client/monitoring/v1alpha1
- name: github.com/cpuguy83/go-md2man
  version: 71acacd42f85e5e82f70a55327789582a5200a90
  subpackages:
  - md2man
- name: github.com/davecgh/go-spew
  version: 5215b55f46b2b919f50a1df0eaa5886afe4e3b3d
  subpackages:
  - spew
- name: github.com/docker/distribution
  version: cd27f179f2c10c5d300e6d09025b538c475b0d51
  subpackages:
  - digest
  - reference
- name: github.com/emicklei/go-restful
  version: 09691a3b6378b740595c1002f40c34dd5f218a22
  subpackages:
  - log
  - swagger
- name: github.com/facebookgo/stack
  version: d9d227395bc3d7a635388c75b2e3b3a750e11888
- name: github.com/fatih/color
  version: 9aae6aaa22315390f03959adca2c4d395b02fcef
- name: github.com/ghodss/yaml
  version: 0ca9ea5df5451ffdf184b4428c902747c2c11cd7
- name: github.com/go-ini/ini
  version: 2e44421e256d82ebbf3d4d4fcabe8930b905eff3
- name: github.com/go-openapi/jsonpointer
  version: 46af16f9f7b149af66e5d1bd010e3574dc06de98
- name: github.com/go-openapi/jsonreference
  version: 13c6e3589ad90f49bd3e3bbe2c2cb3d7a4142272
- name: github.com/go-openapi/spec
  version: 6aced65f8501fe1217321abf0749d354824ba2ff
- name: github.com/go-openapi/swag
  version: 1d0bd113de87027671077d3c71eb3ac5d7dbba72
- name: github.com/gogo/protobuf
  version: e18d7aa8f8c624c915db340349aad4c49b10d173
  subpackages:
  - proto
  - sortkeys
- name: github.com/golang/glog
  version: 44145f04b68cf362d9c4df2182967c2275eaefed
- name: github.com/golang/protobuf
  version: 8616e8ee5e20a1704615e6c8d7afcdac06087a67
  subpackages:
  - proto
- name: github.com/google/go-querystring
  version: 547ef5ac979778feb2f760cdb5f4eae1a2207b86
  subpackages:
  - query
- name: github.com/google/gofuzz
  version: 44d81051d367757e1c7c6a5a86423ece9afcf63c
- name: github.com/graymeta/stow
  version: 9457960a7989724e98ca759ed456e0e05ca69601
  repo: https://github.com/appscode/stow.git
  vcs: git
  subpackages:
  - azure
  - google
  - local
  - s3
  - swift
- name: github.com/howeyc/gopass
  version: 3ca23474a7c7203e0a0a070fd33508f6efdb9b3d
- name: github.com/imdario/mergo
  version: 6633656539c1639d9d78127b7d47c622b5d7b6dc
- name: github.com/inconshreveable/mousetrap
  version: 76626ae9c91c4f2a10f34cad8ce83ea42c93bb75
- name: github.com/influxdata/influxdb
  version: 1572060c6890f5c6f6e540155d99238aca8617e3
  subpackages:
  - client
  - models
  - pkg/escape
- name: github.com/jaytaylor/html2text
  version: 52d9b785554a1918cb09909b89a1509a98b853fd
- name: github.com/jmespath/go-jmespath
  version: 0b12d6b521d83fc7f755e7cfc1b1fbdd35a01a74
- name: github.com/jonboulle/clockwork
  version: 72f9bd7c4e0c2a40055ab3d0f09654f730cce982
- name: github.com/jpillora/go-ogle-analytics
  version: 14b04e0594ef6a9fd943363b135656f0ec8c9d0e
- name: github.com/juju/ratelimit
  version: 77ed1c8a01217656d2080ad51981f6e99adaa177
- name: github.com/k8sdb/apimachinery
  version: 9077c836cdd9913a61b2e9e38b5ab0c081f390f0
  subpackages:
  - api
  - api/install
  - client/clientset
- name: github.com/mailgun/mailgun-go
  version: 369a1fa57ce6fb314e627087b9fff0db5c266c0f
- name: github.com/mailru/easyjson
  version: d5b7844b561a7bc640052f1b935f7b800330d7e0
  subpackages:
  - buffer
  - jlexer
  - jwriter
- name: github.com/mattn/go-colorable
  version: ed8eb9e318d7a84ce5915b495b7d35e0cfe7b5a8
  repo: https://github.com/mattn/go-colorable
- name: github.com/mattn/go-isatty
  version: 66b8e73f3f5cda9f96b69efd03dd3d7fc4a5cdb8
  repo: https://github.com/mattn/go-isatty
- name: github.com/ncw/swift
  version: 9e6fdb8957a022d5780a78b58d6181c3580bb01f
- name: github.com/nlopes/slack
  version: ca8436d76f805ec1e682eaae2de3c3a9bc894b0f
- name: github.com/pkg/errors
  version: a22138067af1c4942683050411a841ade67fe1eb
- name: github.com/PuerkitoBio/purell
  version: 8a290539e2e8629dbc4e6bad948158f790ec31f4
- name: github.com/PuerkitoBio/urlesc
  version: 5bd2802263f21d8788851d5305584c82a5c75d7e
- name: github.com/russross/blackfriday
  version: 300106c228d52c8941d4b3de6054a6062a86dda3
- name: github.com/sergi/go-diff
  version: 24e2351369ec4949b2ed0dc5c477afdd4c4034e8
  repo: https://github.com/sergi/go-diff
  subpackages:
  - diffmatchpatch
- name: github.com/shurcooL/sanitized_anchor_name
  version: 10ef21a441db47d8b13ebcc5fd2310f636973c77
- name: github.com/spf13/cobra
  version: c46add8a652801b61513ad36c56759f302fbb028
  subpackages:
  - doc
- name: github.com/spf13/pflag
  version: e57e3eeb33f795204c1ca35f56c44f83227c6e66
- name: github.com/steveyen/gtreap
  version: 0abe01ef9be25c4aedc174758ec2d917314d6d70
  repo: https://github.com/steveyen/gtreap
- name: github.com/tbruyelle/hipchat-go
  version: 749fb9e14beb9995f677c101a754393cecb64b0f
  subpackages:
  - hipchat
- name: github.com/ugorji/go
  version: ded73eae5db7e7a0ef6f55aace87a2873c5d2b74
  subpackages:
  - codec
- name: github.com/yudai/gojsondiff
  version: 081cda2ee95045a2c26da52c2ba80860838549de
  subpackages:
  - formatter
- name: github.com/yudai/golcs
  version: d1c525dea8ce39ea9a783d33cf08932305373f2c
  repo: https://github.com/yudai/golcs
- name: golang.org/x/crypto
  version: d172538b2cfce0c13cee31e647d0367aa8cd2486
  subpackages:
  - ssh/terminal
- name: golang.org/x/net
  version: e90d6d0afc4c315a0d87a568ae68577cc15149a0
  subpackages:
  - context
  - context/ctxhttp
  - html
  - html/atom
  - http2
  - http2/hpack
  - idna
  - lex/httplex
  - websocket
- name: golang.org/x/oauth2
  version: 3c3a985cb79f52a3190fbc056984415ca6763d01
  subpackages:
  - google
  - internal
  - jws
  - jwt
- name: golang.org/x/sys
  version: 8f0908ab3b2457e2e15403d3697c9ef5cb4b57a9
  subpackages:
  - unix
- name: golang.org/x/text
  version: 2910a502d2bf9e43193af9d68ca516529614eed3
  subpackages:
  - cases
  - internal/tag
  - language
  - runes
  - secure/bidirule
  - secure/precis
  - transform
  - unicode/bidi
  - unicode/norm
  - width
- name: google.golang.org/api
  version: e665075b5ff79143ba49c58fab02df9dc122afd5
  subpackages:
  - gensupport
  - googleapi
  - googleapi/internal/uritemplates
  - storage/v1
- name: google.golang.org/appengine
  version: 4f7eeb5305a4ba1966344836ba4af9996b7b4e05
  subpackages:
  - internal
  - internal/app_identity
  - internal/base
  - internal/datastore
  - internal/log
  - internal/modules
  - internal/remote_api
  - internal/urlfetch
  - urlfetch
- name: gopkg.in/alexcesaro/quotedprintable.v3
  version: 2caba252f4dc53eaf6b553000885530023f54623
- name: gopkg.in/gomail.v2
  version: 81ebce5c23dfd25c6c67194b37d3dd3f338c98b1
- name: gopkg.in/inf.v0
  version: 3887ee99ecf07df5b447e9b00d9c0b2adaa9f3e4
- name: gopkg.in/olivere/elastic.v3
  version: 060365a7e27c56c938b234824ef7f9a3a7834b99
  subpackages:
  - backoff
  - uritemplates
- name: gopkg.in/robfig/cron.v2
  version: be2e0b0deed5a68ffee390b4583a13aff8321535
- name: gopkg.in/yaml.v2
  version: 53feefa2559fb8dfa8d81baad31be332c97d6c77
- name: k8s.io/apimachinery
  version: 75b8dd260ef0469d96d578705a87cffd0e09dab8
  subpackages:
  - pkg/api/errors
  - pkg/api/meta
  - pkg/api/resource
  - pkg/apimachinery
  - pkg/apimachinery/announced
  - pkg/apimachinery/registered
  - pkg/apis/meta/v1
  - pkg/apis/meta/v1/unstructured
  - pkg/conversion
  - pkg/conversion/queryparams
  - pkg/fields
  - pkg/labels
  - pkg/openapi
  - pkg/runtime
  - pkg/runtime/schema
  - pkg/runtime/serializer
  - pkg/runtime/serializer/json
  - pkg/runtime/serializer/protobuf
  - pkg/runtime/serializer/recognizer
  - pkg/runtime/serializer/streaming
  - pkg/runtime/serializer/versioning
  - pkg/selection
  - pkg/types
  - pkg/util/diff
  - pkg/util/errors
  - pkg/util/framer
  - pkg/util/intstr
  - pkg/util/json
  - pkg/util/net
  - pkg/util/rand
  - pkg/util/runtime
  - pkg/util/sets
  - pkg/util/validation
  - pkg/util/validation/field
  - pkg/util/wait
  - pkg/util/yaml
  - pkg/version
  - pkg/watch
  - third_party/forked/golang/reflect
- name: k8s.io/client-go
  version: 3627aeb7d4f6ade38f995d2c923e459146493c7e
  subpackages:
  - discovery
  - discovery/fake
  - dynamic
  - kubernetes
  - kubernetes/fake
  - kubernetes/scheme
  - kubernetes/typed/apps/v1beta1
  - kubernetes/typed/apps/v1beta1/fake
  - kubernetes/typed/authentication/v1
  - kubernetes/typed/authentication/v1/fake
  - kubernetes/typed/authentication/v1beta1
  - kubernetes/typed/authentication/v1beta1/fake
  - kubernetes/typed/authorization/v1
  - kubernetes/typed/authorization/v1/fake
  - kubernetes/typed/authorization/v1beta1
  - kubernetes/typed/authorization/v1beta1/fake
  - kubernetes/typed/autoscaling/v1
  - kubernetes/typed/autoscaling/v1/fake
  - kubernetes/typed/autoscaling/v2alpha1
  - kubernetes/typed/autoscaling/v2alpha1/fake
  - kubernetes/typed/batch/v1
  - kubernetes/typed/batch/v1/fake
  - kubernetes/typed/batch/v2alpha1
  - kubernetes/typed/batch/v2alpha1/fake
  - kubernetes/typed/certificates/v1beta1
  - kubernetes/typed/certificates/v1beta1/fake
  - kubernetes/typed/core/v1
  - kubernetes/typed/core/v1/fake
  - kubernetes/typed/extensions/v1beta1
  - kubernetes/typed/extensions/v1beta1/fake
  - kubernetes/typed/policy/v1beta1
  - kubernetes/typed/policy/v1beta1/fake
  - kubernetes/typed/rbac/v1alpha1
  - kubernetes/typed/rbac/v1alpha1/fake
  - kubernetes/typed/rbac/v1beta1
  - kubernetes/typed/rbac/v1beta1/fake
  - kubernetes/typed/settings/v1alpha1
  - kubernetes/typed/settings/v1alpha1/fake
  - kubernetes/typed/storage/v1
  - kubernetes/typed/storage/v1/fake
  - kubernetes/typed/storage/v1beta1
  - kubernetes/typed/storage/v1beta1/fake
  - pkg/api
  - pkg/api/install
  - pkg/api/v1
  - pkg/apis/apps
  - pkg/apis/apps/install
  - pkg/apis/apps/v1beta1
  - pkg/apis/authentication
  - pkg/apis/authentication/install
  - pkg/apis/authentication/v1
  - pkg/apis/authentication/v1beta1
  - pkg/apis/authorization
  - pkg/apis/authorization/install
  - pkg/apis/authorization/v1
  - pkg/apis/authorization/v1beta1
  - pkg/apis/autoscaling
  - pkg/apis/autoscaling/install
  - pkg/apis/autoscaling/v1
  - pkg/apis/autoscaling/v2alpha1
  - pkg/apis/batch
  - pkg/apis/batch/install
  - pkg/apis/batch/v1
  - pkg/apis/batch/v2alpha1
  - pkg/apis/certificates
  - pkg/apis/certificates/install
  - pkg/apis/certificates/v1beta1
  - pkg/apis/extensions
  - pkg/apis/extensions/install
  - pkg/apis/extensions/v1beta1
  - pkg/apis/policy
  - pkg/apis/policy/install
  - pkg/apis/policy/v1beta1
  - pkg/apis/rbac
  - pkg/apis/rbac/install
  - pkg/apis/rbac/v1alpha1
  - pkg/apis/rbac/v1beta1
  - pkg/apis/settings
  - pkg/apis/settings/install
  - pkg/apis/settings/v1alpha1
  - pkg/apis/storage
  - pkg/apis/storage/install
  - pkg/apis/storage/v1
  - pkg/apis/storage/v1beta1
  - pkg/util
  - pkg/util/parsers
  - pkg/version
  - plugin/pkg/client/auth
  - plugin/pkg/client/auth/gcp
  - plugin/pkg/client/auth/oidc
  - rest
  - rest/watch
  - testing
  - third_party/forked/golang/template
  - tools/auth
  - tools/cache
  - tools/clientcmd
  - tools/clientcmd/api
  - tools/clientcmd/api/latest
  - tools/clientcmd/api/v1
  - tools/metrics
  - transport
  - util/cert
  - util/clock
  - util/flowcontrol
  - util/homedir
  - util/integer
  - util/jsonpath
testImports:
- name: github.com/google/certificate-transparency
  version: 05502e09183232d2345db9a3a008076eff9a530c
  subpackages:
  - go/asn1
  - go/x509
  - go/x509/pkix
- name: github.com/pmezard/go-difflib
  version: d8ed2627bdf02c080bf22230dbb337003b7aba2d
  subpackages:
  - difflib
- name: github.com/stretchr/testify
  version: 69483b4bd14f5845b5a1e55bca19e954e827f1d0
  subpackages:
  - assert
